
Microsoft Visual Studio Solution File, Format Version 12.00
# Visual Studio Version 17
VisualStudioVersion = 17.4.33213.308
MinimumVisualStudioVersion = 10.0.40219.1
Project("{FAE04EC0-301F-11D3-BF4B-00C04F79EFBC}") = "Flockbuster", "Flockbuster\Flockbuster.csproj", "{43682108-FDDA-4886-B026-807AFE60AB07}"
EndProject
Global
	GlobalSection(SolutionConfigurationPlatforms) = preSolution
		Debug|Any CPU = Debug|Any CPU
		Release|Any CPU = Release|Any CPU
	EndGlobalSection
	GlobalSection(ProjectConfigurationPlatforms) = postSolution
		{43682108-FDDA-4886-B026-807AFE60AB07}.Debug|Any CPU.ActiveCfg = Debug|Any CPU
		{43682108-FDDA-4886-B026-807AFE60AB07}.Debug|Any CPU.Build.0 = Debug|Any CPU
		{43682108-FDDA-4886-B026-807AFE60AB07}.Release|Any CPU.ActiveCfg = Release|Any CPU
		{43682108-FDDA-4886-B026-807AFE60AB07}.Release|Any CPU.Build.0 = Release|Any CPU
	EndGlobalSection
	GlobalSection(SolutionProperties) = preSolution
		HideSolutionNode = FALSE
	EndGlobalSection
	GlobalSection(ExtensibilityGlobals) = postSolution
		SolutionGuid = {038AB91B-0360-4174-9D91-2BF757BB6C45}
	EndGlobalSection
EndGlobal
